
Microsoft Visual Studio Solution File, Format Version 11.00
# Visual Studio 2010
Project("{FAE04EC0-301F-11D3-BF4B-00C04F79EFBC}") = "FLBS14", "FLBS14\FLBS14\FLBS14.csproj", "{B17DF1D0-0AF0-4F52-9056-6C6DC5CA667B}"
EndProject
Project("{96E2B04D-8817-42C6-938A-82C39BA4D311}") = "FLBS14Content", "FLBS14\FLBS14Content\FLBS14Content.contentproj", "{2A4DB278-5F64-4C7E-AF8F-713C47A9CF0D}"
EndProject
Global
	GlobalSection(SolutionConfigurationPlatforms) = preSolution
		Debug|x86 = Debug|x86
		Release|x86 = Release|x86
	EndGlobalSection
	GlobalSection(ProjectConfigurationPlatforms) = postSolution
		{B17DF1D0-0AF0-4F52-9056-6C6DC5CA667B}.Debug|x86.ActiveCfg = Debug|x86
		{B17DF1D0-0AF0-4F52-9056-6C6DC5CA667B}.Debug|x86.Build.0 = Debug|x86
		{B17DF1D0-0AF0-4F52-9056-6C6DC5CA667B}.Release|x86.ActiveCfg = Release|x86
		{B17DF1D0-0AF0-4F52-9056-6C6DC5CA667B}.Release|x86.Build.0 = Release|x86
		{2A4DB278-5F64-4C7E-AF8F-713C47A9CF0D}.Debug|x86.ActiveCfg = Debug|x86
		{2A4DB278-5F64-4C7E-AF8F-713C47A9CF0D}.Release|x86.ActiveCfg = Release|x86
	EndGlobalSection
	GlobalSection(SolutionProperties) = preSolution
		HideSolutionNode = FALSE
	EndGlobalSection
EndGlobal
